// !$*UTF8*$!
{
	archiveVersion = 1;
	classes = {
	};
	objectVersion = 55;
	objects = {

/* Begin PBXBuildFile section */
		D1AA449129361F2A00B54AD2 /* WeatherAppApp.swift in Sources */ = {isa = PBXBuildFile; fileRef = D1AA449029361F2A00B54AD2 /* WeatherAppApp.swift */; };
		D1AA449329361F2A00B54AD2 /* ContentView.swift in Sources */ = {isa = PBXBuildFile; fileRef = D1AA449229361F2A00B54AD2 /* ContentView.swift */; };
		D1AA449529361F2F00B54AD2 /* Assets.xcassets in Resources */ = {isa = PBXBuildFile; fileRef = D1AA449429361F2F00B54AD2 /* Assets.xcassets */; };
		D1AA449829361F2F00B54AD2 /* Preview Assets.xcassets in Resources */ = {isa = PBXBuildFile; fileRef = D1AA449729361F2F00B54AD2 /* Preview Assets.xcassets */; };
		D1AA44A029364C6C00B54AD2 /* LocationManager.swift in Sources */ = {isa = PBXBuildFile; fileRef = D1AA449F29364C6C00B54AD2 /* LocationManager.swift */; };
		D1AA44A32936721C00B54AD2 /* WelcomeView.swift in Sources */ = {isa = PBXBuildFile; fileRef = D1AA44A22936721C00B54AD2 /* WelcomeView.swift */; };
		D1AA44A52936757000B54AD2 /* Rounded Button.swift in Sources */ = {isa = PBXBuildFile; fileRef = D1AA44A42936757000B54AD2 /* Rounded Button.swift */; };
		D1AA44A729373BA400B54AD2 /* WeatherManager.swift in Sources */ = {isa = PBXBuildFile; fileRef = D1AA44A629373BA400B54AD2 /* WeatherManager.swift */; };
		D1AA44A929376BCB00B54AD2 /* WeatherView.swift in Sources */ = {isa = PBXBuildFile; fileRef = D1AA44A829376BCB00B54AD2 /* WeatherView.swift */; };
		D1AA44AB29377EC700B54AD2 /* Extension.swift in Sources */ = {isa = PBXBuildFile; fileRef = D1AA44AA29377EC700B54AD2 /* Extension.swift */; };
		D1AA44AD2937823400B54AD2 /* ModelData.swift in Sources */ = {isa = PBXBuildFile; fileRef = D1AA44AC2937823400B54AD2 /* ModelData.swift */; };
/* End PBXBuildFile section */

/* Begin PBXFileReference section */
		D1AA448D29361F2A00B54AD2 /* WeatherApp.app */ = {isa = PBXFileReference; explicitFileType = wrapper.application; includeInIndex = 0; path = WeatherApp.app; sourceTree = BUILT_PRODUCTS_DIR; };
		D1AA449029361F2A00B54AD2 /* WeatherAppApp.swift */ = {isa = PBXFileReference; lastKnownFileType = sourcecode.swift; path = WeatherAppApp.swift; sourceTree = "<group>"; };
		D1AA449229361F2A00B54AD2 /* ContentView.swift */ = {isa = PBXFileReference; lastKnownFileType = sourcecode.swift; path = ContentView.swift; sourceTree = "<group>"; };
		D1AA449429361F2F00B54AD2 /* Assets.xcassets */ = {isa = PBXFileReference; lastKnownFileType = folder.assetcatalog; path = Assets.xcassets; sourceTree = "<group>"; };
		D1AA449729361F2F00B54AD2 /* Preview Assets.xcassets */ = {isa = PBXFileReference; lastKnownFileType = folder.assetcatalog; path = "Preview Assets.xcassets"; sourceTree = "<group>"; };
		D1AA449F29364C6C00B54AD2 /* LocationManager.swift */ = {isa = PBXFileReference; lastKnownFileType = sourcecode.swift; path = LocationManager.swift; sourceTree = "<group>"; };
		D1AA44A22936721C00B54AD2 /* WelcomeView.swift */ = {isa = PBXFileReference; lastKnownFileType = sourcecode.swift; path = WelcomeView.swift; sourceTree = "<group>"; };
		D1AA44A42936757000B54AD2 /* Rounded Button.swift */ = {isa = PBXFileReference; lastKnownFileType = sourcecode.swift; path = "Rounded Button.swift"; sourceTree = "<group>"; };
		D1AA44A629373BA400B54AD2 /* WeatherManager.swift */ = {isa = PBXFileReference; lastKnownFileType = sourcecode.swift; path = WeatherManager.swift; sourceTree = "<group>"; };
		D1AA44A829376BCB00B54AD2 /* WeatherView.swift */ = {isa = PBXFileReference; lastKnownFileType = sourcecode.swift; path = WeatherView.swift; sourceTree = "<group>"; };
		D1AA44AA29377EC700B54AD2 /* Extension.swift */ = {isa = PBXFileReference; lastKnownFileType = sourcecode.swift; path = Extension.swift; sourceTree = "<group>"; };
		D1AA44AC2937823400B54AD2 /* ModelData.swift */ = {isa = PBXFileReference; lastKnownFileType = sourcecode.swift; path = ModelData.swift; sourceTree = "<group>"; };
		D1AA44AF2937832200B54AD2 /* weatherData.json */ = {isa = PBXFileReference; lastKnownFileType = text.json; path = weatherData.json; sourceTree = "<group>"; };
/* End PBXFileReference section */

/* Begin PBXFrameworksBuildPhase section */
		D1AA448A29361F2A00B54AD2 /* Frameworks */ = {
			isa = PBXFrameworksBuildPhase;
			buildActionMask = 2147483647;
			files = (
			);
			runOnlyForDeploymentPostprocessing = 0;
		};
/* End PBXFrameworksBuildPhase section */

/* Begin PBXGroup section */
		D1AA448429361F2A00B54AD2 = {
			isa = PBXGroup;
			children = (
				D1AA448F29361F2A00B54AD2 /* WeatherApp */,
				D1AA448E29361F2A00B54AD2 /* Products */,
			);
			sourceTree = "<group>";
		};
		D1AA448E29361F2A00B54AD2 /* Products */ = {
			isa = PBXGroup;
			children = (
				D1AA448D29361F2A00B54AD2 /* WeatherApp.app */,
			);
			name = Products;
			sourceTree = "<group>";
		};
		D1AA448F29361F2A00B54AD2 /* WeatherApp */ = {
			isa = PBXGroup;
			children = (
				D1AA449029361F2A00B54AD2 /* WeatherAppApp.swift */,
				D1AA44A12936720B00B54AD2 /* View */,
				D1AA449E29364C5600B54AD2 /* Manager */,
				D1AA449429361F2F00B54AD2 /* Assets.xcassets */,
				D1AA449629361F2F00B54AD2 /* Preview Content */,
				D1AA44AA29377EC700B54AD2 /* Extension.swift */,
			);
			path = WeatherApp;
			sourceTree = "<group>";
		};
		D1AA449629361F2F00B54AD2 /* Preview Content */ = {
			isa = PBXGroup;
			children = (
				D1AA449729361F2F00B54AD2 /* Preview Assets.xcassets */,
				D1AA44AC2937823400B54AD2 /* ModelData.swift */,
				D1AA44AF2937832200B54AD2 /* weatherData.json */,
			);
			path = "Preview Content";
			sourceTree = "<group>";
		};
		D1AA449E29364C5600B54AD2 /* Manager */ = {
			isa = PBXGroup;
			children = (
				D1AA449F29364C6C00B54AD2 /* LocationManager.swift */,
				D1AA44A629373BA400B54AD2 /* WeatherManager.swift */,
			);
			path = Manager;
			sourceTree = "<group>";
		};
		D1AA44A12936720B00B54AD2 /* View */ = {
			isa = PBXGroup;
			children = (
				D1AA449229361F2A00B54AD2 /* ContentView.swift */,
				D1AA44A22936721C00B54AD2 /* WelcomeView.swift */,
				D1AA44A42936757000B54AD2 /* Rounded Button.swift */,
				D1AA44A829376BCB00B54AD2 /* WeatherView.swift */,
			);
			path = View;
			sourceTree = "<group>";
		};
/* End PBXGroup section */

/* Begin PBXNativeTarget section */
		D1AA448C29361F2A00B54AD2 /* WeatherApp */ = {
			isa = PBXNativeTarget;
			buildConfigurationList = D1AA449B29361F2F00B54AD2 /* Build configuration list for PBXNativeTarget "WeatherApp" */;
			buildPhases = (
				D1AA448929361F2A00B54AD2 /* Sources */,
				D1AA448A29361F2A00B54AD2 /* Frameworks */,
				D1AA448B29361F2A00B54AD2 /* Resources */,
			);
			buildRules = (
			);
			dependencies = (
			);
			name = WeatherApp;
			productName = WeatherApp;
			productReference = D1AA448D29361F2A00B54AD2 /* WeatherApp.app */;
			productType = "com.apple.product-type.application";
		};
/* End PBXNativeTarget section */

/* Begin PBXProject section */
		D1AA448529361F2A00B54AD2 /* Project object */ = {
			isa = PBXProject;
			attributes = {
				BuildIndependentTargetsInParallel = 1;
				LastSwiftUpdateCheck = 1310;
				LastUpgradeCheck = 1310;
				TargetAttributes = {
					D1AA448C29361F2A00B54AD2 = {
						CreatedOnToolsVersion = 13.1;
					};
				};
			};
			buildConfigurationList = D1AA448829361F2A00B54AD2 /* Build configuration list for PBXProject "WeatherApp" */;
			compatibilityVersion = "Xcode 13.0";
			developmentRegion = en;
			hasScannedForEncodings = 0;
			knownRegions = (
				en,
				Base,
			);
			mainGroup = D1AA448429361F2A00B54AD2;
			productRefGroup = D1AA448E29361F2A00B54AD2 /* Products */;
			projectDirPath = "";
			projectRoot = "";
			targets = (
				D1AA448C29361F2A00B54AD2 /* WeatherApp */,
			);
		};
/* End PBXProject section */

/* Begin PBXResourcesBuildPhase section */
		D1AA448B29361F2A00B54AD2 /* Resources */ = {
			isa = PBXResourcesBuildPhase;
			buildActionMask = 2147483647;
			files = (
				D1AA449829361F2F00B54AD2 /* Preview Assets.xcassets in Resources */,
				D1AA449529361F2F00B54AD2 /* Assets.xcassets in Resources */,
			);
			runOnlyForDeploymentPostprocessing = 0;
		};
/* End PBXResourcesBuildPhase section */

/* Begin PBXSourcesBuildPhase section */
		D1AA448929361F2A00B54AD2 /* Sources */ = {
			isa = PBXSourcesBuildPhase;
			buildActionMask = 2147483647;
			files = (
				D1AA44A729373BA400B54AD2 /* WeatherManager.swift in Sources */,
				D1AA44A52936757000B54AD2 /* Rounded Button.swift in Sources */,
				D1AA44AD2937823400B54AD2 /* ModelData.swift in Sources */,
				D1AA449329361F2A00B54AD2 /* ContentView.swift in Sources */,
				D1AA449129361F2A00B54AD2 /* WeatherAppApp.swift in Sources */,
				D1AA44A029364C6C00B54AD2 /* LocationManager.swift in Sources */,
				D1AA44A929376BCB00B54AD2 /* WeatherView.swift in Sources */,
				D1AA44A32936721C00B54AD2 /* WelcomeView.swift in Sources */,
				D1AA44AB29377EC700B54AD2 /* Extension.swift in Sources */,
			);
			runOnlyForDeploymentPostprocessing = 0;
		};
/* End PBXSourcesBuildPhase section */

/* Begin XCBuildConfiguration section */
		D1AA449929361F2F00B54AD2 /* Debug */ = {
			isa = XCBuildConfiguration;
			buildSettings = {
				ALWAYS_SEARCH_USER_PATHS = NO;
				CLANG_ANALYZER_NONNULL = YES;
				CLANG_ANALYZER_NUMBER_OBJECT_CONVERSION = YES_AGGRESSIVE;
				CLANG_CXX_LANGUAGE_STANDARD = "gnu++17";
				CLANG_CXX_LIBRARY = "libc++";
				CLANG_ENABLE_MODULES = YES;
				CLANG_ENABLE_OBJC_ARC = YES;
				CLANG_ENABLE_OBJC_WEAK = YES;
				CLANG_WARN_BLOCK_CAPTURE_AUTORELEASING = YES;
				CLANG_WARN_BOOL_CONVERSION = YES;
				CLANG_WARN_COMMA = YES;
				CLANG_WARN_CONSTANT_CONVERSION = YES;
				CLANG_WARN_DEPRECATED_OBJC_IMPLEMENTATIONS = YES;
				CLANG_WARN_DIRECT_OBJC_ISA_USAGE = YES_ERROR;
				CLANG_WARN_DOCUMENTATION_COMMENTS = YES;
				CLANG_WARN_EMPTY_BODY = YES;
				CLANG_WARN_ENUM_CONVERSION = YES;
				CLANG_WARN_INFINITE_RECURSION = YES;
				CLANG_WARN_INT_CONVERSION = YES;
				CLANG_WARN_NON_LITERAL_NULL_CONVERSION = YES;
				CLANG_WARN_OBJC_IMPLICIT_RETAIN_SELF = YES;
				CLANG_WARN_OBJC_LITERAL_CONVERSION = YES;
				CLANG_WARN_OBJC_ROOT_CLASS = YES_ERROR;
				CLANG_WARN_QUOTED_INCLUDE_IN_FRAMEWORK_HEADER = YES;
				CLANG_WARN_RANGE_LOOP_ANALYSIS = YES;
				CLANG_WARN_STRICT_PROTOTYPES = YES;
				CLANG_WARN_SUSPICIOUS_MOVE = YES;
				CLANG_WARN_UNGUARDED_AVAILABILITY = YES_AGGRESSIVE;
				CLANG_WARN_UNREACHABLE_CODE = YES;
				CLANG_WARN__DUPLICATE_METHOD_MATCH = YES;
				COPY_PHASE_STRIP = NO;
				DEBUG_INFORMATION_FORMAT = dwarf;
				ENABLE_STRICT_OBJC_MSGSEND = YES;
				ENABLE_TESTABILITY = YES;
				GCC_C_LANGUAGE_STANDARD = gnu11;
				GCC_DYNAMIC_NO_PIC = NO;
				GCC_NO_COMMON_BLOCKS = YES;
				GCC_OPTIMIZATION_LEVEL = 0;
				GCC_PREPROCESSOR_DEFINITIONS = (
					"DEBUG=1",
					"$(inherited)",
				);
				GCC_WARN_64_TO_32_BIT_CONVERSION = YES;
				GCC_WARN_ABOUT_RETURN_TYPE = YES_ERROR;
				GCC_WARN_UNDECLARED_SELECTOR = YES;
				GCC_WARN_UNINITIALIZED_AUTOS = YES_AGGRESSIVE;
				GCC_WARN_UNUSED_FUNCTION = YES;
				GCC_WARN_UNUSED_VARIABLE = YES;
				IPHONEOS_DEPLOYMENT_TARGET = 15.0;
				MTL_ENABLE_DEBUG_INFO = INCLUDE_SOURCE;
				MTL_FAST_MATH = YES;
				ONLY_ACTIVE_ARCH = YES;
				SDKROOT = iphoneos;
				SWIFT_ACTIVE_COMPILATION_CONDITIONS = DEBUG;
				SWIFT_OPTIMIZATION_LEVEL = "-Onone";
			};
			name = Debug;
		};
		D1AA449A29361F2F00B54AD2 /* Release */ = {
			isa = XCBuildConfiguration;
			buildSettings = {
				ALWAYS_SEARCH_USER_PATHS = NO;
				CLANG_ANALYZER_NONNULL = YES;
				CLANG_ANALYZER_NUMBER_OBJECT_CONVERSION = YES_AGGRESSIVE;
				CLANG_CXX_LANGUAGE_STANDARD = "gnu++17";
				CLANG_CXX_LIBRARY = "libc++";
				CLANG_ENABLE_MODULES = YES;
				CLANG_ENABLE_OBJC_ARC = YES;
				CLANG_ENABLE_OBJC_WEAK = YES;
				CLANG_WARN_BLOCK_CAPTURE_AUTORELEASING = YES;
				CLANG_WARN_BOOL_CONVERSION = YES;
				CLANG_WARN_COMMA = YES;
				CLANG_WARN_CONSTANT_CONVERSION = YES;
				CLANG_WARN_DEPRECATED_OBJC_IMPLEMENTATIONS = YES;
				CLANG_WARN_DIRECT_OBJC_ISA_USAGE = YES_ERROR;
				CLANG_WARN_DOCUMENTATION_COMMENTS = YES;
				CLANG_WARN_EMPTY_BODY = YES;
				CLANG_WARN_ENUM_CONVERSION = YES;
				CLANG_WARN_INFINITE_RECURSION = YES;
				CLANG_WARN_INT_CONVERSION = YES;
				CLANG_WARN_NON_LITERAL_NULL_CONVERSION = YES;
				CLANG_WARN_OBJC_IMPLICIT_RETAIN_SELF = YES;
				CLANG_WARN_OBJC_LITERAL_CONVERSION = YES;
				CLANG_WARN_OBJC_ROOT_CLASS = YES_ERROR;
				CLANG_WARN_QUOTED_INCLUDE_IN_FRAMEWORK_HEADER = YES;
				CLANG_WARN_RANGE_LOOP_ANALYSIS = YES;
				CLANG_WARN_STRICT_PROTOTYPES = YES;
				CLANG_WARN_SUSPICIOUS_MOVE = YES;
				CLANG_WARN_UNGUARDED_AVAILABILITY = YES_AGGRESSIVE;
				CLANG_WARN_UNREACHABLE_CODE = YES;
				CLANG_WARN__DUPLICATE_METHOD_MATCH = YES;
				COPY_PHASE_STRIP = NO;
				DEBUG_INFORMATION_FORMAT = "dwarf-with-dsym";
				ENABLE_NS_ASSERTIONS = NO;
				ENABLE_STRICT_OBJC_MSGSEND = YES;
				GCC_C_LANGUAGE_STANDARD = gnu11;
				GCC_NO_COMMON_BLOCKS = YES;
				GCC_WARN_64_TO_32_BIT_CONVERSION = YES;
				GCC_WARN_ABOUT_RETURN_TYPE = YES_ERROR;
				GCC_WARN_UNDECLARED_SELECTOR = YES;
				GCC_WARN_UNINITIALIZED_AUTOS = YES_AGGRESSIVE;
				GCC_WARN_UNUSED_FUNCTION = YES;
				GCC_WARN_UNUSED_VARIABLE = YES;
				IPHONEOS_DEPLOYMENT_TARGET = 15.0;
				MTL_ENABLE_DEBUG_INFO = NO;
				MTL_FAST_MATH = YES;
				SDKROOT = iphoneos;
				SWIFT_COMPILATION_MODE = wholemodule;
				SWIFT_OPTIMIZATION_LEVEL = "-O";
				VALIDATE_PRODUCT = YES;
			};
			name = Release;
		};
		D1AA449C29361F2F00B54AD2 /* Debug */ = {
			isa = XCBuildConfiguration;
			buildSettings = {
				ASSETCATALOG_COMPILER_APPICON_NAME = AppIcon;
				ASSETCATALOG_COMPILER_GLOBAL_ACCENT_COLOR_NAME = AccentColor;
				CODE_SIGN_STYLE = Automatic;
				CURRENT_PROJECT_VERSION = 1;
				DEVELOPMENT_ASSET_PATHS = "\"WeatherApp/Preview Content\"";
				ENABLE_PREVIEWS = YES;
				GENERATE_INFOPLIST_FILE = YES;
				INFOPLIST_KEY_UIApplicationSceneManifest_Generation = YES;
				INFOPLIST_KEY_UIApplicationSupportsIndirectInputEvents = YES;
				INFOPLIST_KEY_UILaunchScreen_Generation = YES;
				INFOPLIST_KEY_UISupportedInterfaceOrientations_iPad = "UIInterfaceOrientationPortrait UIInterfaceOrientationPortraitUpsideDown UIInterfaceOrientationLandscapeLeft UIInterfaceOrientationLandscapeRight";
				INFOPLIST_KEY_UISupportedInterfaceOrientations_iPhone = "UIInterfaceOrientationPortrait UIInterfaceOrientationLandscapeLeft UIInterfaceOrientationLandscapeRight";
				LD_RUNPATH_SEARCH_PATHS = (
					"$(inherited)",
					"@executable_path/Frameworks",
				);
				MARKETING_VERSION = 1.0;
				PRODUCT_BUNDLE_IDENTIFIER = com.King.WeatherApp;
				PRODUCT_NAME = "$(TARGET_NAME)";
				SWIFT_EMIT_LOC_STRINGS = YES;
				SWIFT_VERSION = 5.0;
				TARGETED_DEVICE_FAMILY = "1,2";
			};
			name = Debug;
		};
		D1AA449D29361F2F00B54AD2 /* Release */ = {
			isa = XCBuildConfiguration;
			buildSettings = {
				ASSETCATALOG_COMPILER_APPICON_NAME = AppIcon;
				ASSETCATALOG_COMPILER_GLOBAL_ACCENT_COLOR_NAME = AccentColor;
				CODE_SIGN_STYLE = Automatic;
				CURRENT_PROJECT_VERSION = 1;
				DEVELOPMENT_ASSET_PATHS = "\"WeatherApp/Preview Content\"";
				ENABLE_PREVIEWS = YES;
				GENERATE_INFOPLIST_FILE = YES;
				INFOPLIST_KEY_UIApplicationSceneManifest_Generation = YES;
				INFOPLIST_KEY_UIApplicationSupportsIndirectInputEvents = YES;
				INFOPLIST_KEY_UILaunchScreen_Generation = YES;
				INFOPLIST_KEY_UISupportedInterfaceOrientations_iPad = "UIInterfaceOrientationPortrait UIInterfaceOrientationPortraitUpsideDown UIInterfaceOrientationLandscapeLeft UIInterfaceOrientationLandscapeRight";
				INFOPLIST_KEY_UISupportedInterfaceOrientations_iPhone = "UIInterfaceOrientationPortrait UIInterfaceOrientationLandscapeLeft UIInterfaceOrientationLandscapeRight";
				LD_RUNPATH_SEARCH_PATHS = (
					"$(inherited)",
					"@executable_path/Frameworks",
				);
				MARKETING_VERSION = 1.0;
				PRODUCT_BUNDLE_IDENTIFIER = com.King.WeatherApp;
				PRODUCT_NAME = "$(TARGET_NAME)";
				SWIFT_EMIT_LOC_STRINGS = YES;
				SWIFT_VERSION = 5.0;
				TARGETED_DEVICE_FAMILY = "1,2";
			};
			name = Release;
		};
/* End XCBuildConfiguration section */

/* Begin XCConfigurationList section */
		D1AA448829361F2A00B54AD2 /* Build configuration list for PBXProject "WeatherApp" */ = {
			isa = XCConfigurationList;
			buildConfigurations = (
				D1AA449929361F2F00B54AD2 /* Debug */,
				D1AA449A29361F2F00B54AD2 /* Release */,
			);
			defaultConfigurationIsVisible = 0;
			defaultConfigurationName = Release;
		};
		D1AA449B29361F2F00B54AD2 /* Build configuration list for PBXNativeTarget "WeatherApp" */ = {
			isa = XCConfigurationList;
			buildConfigurations = (
				D1AA449C29361F2F00B54AD2 /* Debug */,
				D1AA449D29361F2F00B54AD2 /* Release */,
			);
			defaultConfigurationIsVisible = 0;
			defaultConfigurationName = Release;
		};
/* End XCConfigurationList section */
	};
	rootObject = D1AA448529361F2A00B54AD2 /* Project object */;
}
